// !$*UTF8*$!
{
	archiveVersion = 1;
	classes = {
	};
	objectVersion = 56;
	objects = {

/* Begin PBXBuildFile section */
		2B2035212AD43D3E006A812B /* AppDelegate.swift in Sources */ = {isa = PBXBuildFile; fileRef = 2B2035202AD43D3E006A812B /* AppDelegate.swift */; };
		2B2035232AD43D3E006A812B /* SceneDelegate.swift in Sources */ = {isa = PBXBuildFile; fileRef = 2B2035222AD43D3E006A812B /* SceneDelegate.swift */; };
		2B2035252AD43D3E006A812B /* HomeViewController.swift in Sources */ = {isa = PBXBuildFile; fileRef = 2B2035242AD43D3E006A812B /* HomeViewController.swift */; };
		2B20352A2AD43D3F006A812B /* Assets.xcassets in Resources */ = {isa = PBXBuildFile; fileRef = 2B2035292AD43D3F006A812B /* Assets.xcassets */; };
		2B20352D2AD43D3F006A812B /* LaunchScreen.storyboard in Resources */ = {isa = PBXBuildFile; fileRef = 2B20352B2AD43D3F006A812B /* LaunchScreen.storyboard */; };
		2BA826EA2AD4423400E0F14E /* TabBarViewController.swift in Sources */ = {isa = PBXBuildFile; fileRef = 2BA826E92AD4423400E0F14E /* TabBarViewController.swift */; };
		2BA826EC2AD4429600E0F14E /* SearchViewController.swift in Sources */ = {isa = PBXBuildFile; fileRef = 2BA826EB2AD4429600E0F14E /* SearchViewController.swift */; };
		2BA826EE2AD442BD00E0F14E /* LibraryViewController.swift in Sources */ = {isa = PBXBuildFile; fileRef = 2BA826ED2AD442BD00E0F14E /* LibraryViewController.swift */; };
		2BA826F22AD4434800E0F14E /* AuthViewController.swift in Sources */ = {isa = PBXBuildFile; fileRef = 2BA826F12AD4434800E0F14E /* AuthViewController.swift */; };
		2BA826F42AD4435500E0F14E /* WelcomeViewController.swift in Sources */ = {isa = PBXBuildFile; fileRef = 2BA826F32AD4435500E0F14E /* WelcomeViewController.swift */; };
		2BA826F62AD4436200E0F14E /* SettingsViewController.swift in Sources */ = {isa = PBXBuildFile; fileRef = 2BA826F52AD4436200E0F14E /* SettingsViewController.swift */; };
		2BA826F82AD4437000E0F14E /* ProfileViewController.swift in Sources */ = {isa = PBXBuildFile; fileRef = 2BA826F72AD4437000E0F14E /* ProfileViewController.swift */; };
		2BA826FA2AD4437C00E0F14E /* PlayerViewController.swift in Sources */ = {isa = PBXBuildFile; fileRef = 2BA826F92AD4437C00E0F14E /* PlayerViewController.swift */; };
		2BA826FC2AD4438700E0F14E /* PlaylistViewController.swift in Sources */ = {isa = PBXBuildFile; fileRef = 2BA826FB2AD4438700E0F14E /* PlaylistViewController.swift */; };
		2BA826FE2AD443AE00E0F14E /* SearchResultsViewController.swift in Sources */ = {isa = PBXBuildFile; fileRef = 2BA826FD2AD443AE00E0F14E /* SearchResultsViewController.swift */; };
		2BA827002AD4441400E0F14E /* AuthManager.swift in Sources */ = {isa = PBXBuildFile; fileRef = 2BA826FF2AD4441400E0F14E /* AuthManager.swift */; };
		2BA827022AD4441C00E0F14E /* APICaller.swift in Sources */ = {isa = PBXBuildFile; fileRef = 2BA827012AD4441C00E0F14E /* APICaller.swift */; };
		2BA827042AD4442B00E0F14E /* HapticsManager.swift in Sources */ = {isa = PBXBuildFile; fileRef = 2BA827032AD4442B00E0F14E /* HapticsManager.swift */; };
		2BA827062AD4448100E0F14E /* Playlist.swift in Sources */ = {isa = PBXBuildFile; fileRef = 2BA827052AD4448100E0F14E /* Playlist.swift */; };
		2BA827082AD4448F00E0F14E /* AudioTrack.swift in Sources */ = {isa = PBXBuildFile; fileRef = 2BA827072AD4448F00E0F14E /* AudioTrack.swift */; };
		2BA8270A2AD4449D00E0F14E /* Artist.swift in Sources */ = {isa = PBXBuildFile; fileRef = 2BA827092AD4449D00E0F14E /* Artist.swift */; };
		2BA8270C2AD444A700E0F14E /* UserProfile.swift in Sources */ = {isa = PBXBuildFile; fileRef = 2BA8270B2AD444A700E0F14E /* UserProfile.swift */; };
/* End PBXBuildFile section */

/* Begin PBXFileReference section */
		2B20351D2AD43D3E006A812B /* Spotify.app */ = {isa = PBXFileReference; explicitFileType = wrapper.application; includeInIndex = 0; path = Spotify.app; sourceTree = BUILT_PRODUCTS_DIR; };
		2B2035202AD43D3E006A812B /* AppDelegate.swift */ = {isa = PBXFileReference; lastKnownFileType = sourcecode.swift; path = AppDelegate.swift; sourceTree = "<group>"; };
		2B2035222AD43D3E006A812B /* SceneDelegate.swift */ = {isa = PBXFileReference; lastKnownFileType = sourcecode.swift; path = SceneDelegate.swift; sourceTree = "<group>"; };
		2B2035242AD43D3E006A812B /* HomeViewController.swift */ = {isa = PBXFileReference; lastKnownFileType = sourcecode.swift; path = HomeViewController.swift; sourceTree = "<group>"; };
		2B2035292AD43D3F006A812B /* Assets.xcassets */ = {isa = PBXFileReference; lastKnownFileType = folder.assetcatalog; path = Assets.xcassets; sourceTree = "<group>"; };
		2B20352C2AD43D3F006A812B /* Base */ = {isa = PBXFileReference; lastKnownFileType = file.storyboard; name = Base; path = Base.lproj/LaunchScreen.storyboard; sourceTree = "<group>"; };
		2B20352E2AD43D3F006A812B /* Info.plist */ = {isa = PBXFileReference; lastKnownFileType = text.plist.xml; path = Info.plist; sourceTree = "<group>"; };
		2BA826E92AD4423400E0F14E /* TabBarViewController.swift */ = {isa = PBXFileReference; lastKnownFileType = sourcecode.swift; path = TabBarViewController.swift; sourceTree = "<group>"; };
		2BA826EB2AD4429600E0F14E /* SearchViewController.swift */ = {isa = PBXFileReference; lastKnownFileType = sourcecode.swift; path = SearchViewController.swift; sourceTree = "<group>"; };
		2BA826ED2AD442BD00E0F14E /* LibraryViewController.swift */ = {isa = PBXFileReference; lastKnownFileType = sourcecode.swift; path = LibraryViewController.swift; sourceTree = "<group>"; };
		2BA826F12AD4434800E0F14E /* AuthViewController.swift */ = {isa = PBXFileReference; lastKnownFileType = sourcecode.swift; path = AuthViewController.swift; sourceTree = "<group>"; };
		2BA826F32AD4435500E0F14E /* WelcomeViewController.swift */ = {isa = PBXFileReference; lastKnownFileType = sourcecode.swift; path = WelcomeViewController.swift; sourceTree = "<group>"; };
		2BA826F52AD4436200E0F14E /* SettingsViewController.swift */ = {isa = PBXFileReference; lastKnownFileType = sourcecode.swift; path = SettingsViewController.swift; sourceTree = "<group>"; };
		2BA826F72AD4437000E0F14E /* ProfileViewController.swift */ = {isa = PBXFileReference; lastKnownFileType = sourcecode.swift; path = ProfileViewController.swift; sourceTree = "<group>"; };
		2BA826F92AD4437C00E0F14E /* PlayerViewController.swift */ = {isa = PBXFileReference; lastKnownFileType = sourcecode.swift; path = PlayerViewController.swift; sourceTree = "<group>"; };
		2BA826FB2AD4438700E0F14E /* PlaylistViewController.swift */ = {isa = PBXFileReference; lastKnownFileType = sourcecode.swift; path = PlaylistViewController.swift; sourceTree = "<group>"; };
		2BA826FD2AD443AE00E0F14E /* SearchResultsViewController.swift */ = {isa = PBXFileReference; lastKnownFileType = sourcecode.swift; path = SearchResultsViewController.swift; sourceTree = "<group>"; };
		2BA826FF2AD4441400E0F14E /* AuthManager.swift */ = {isa = PBXFileReference; lastKnownFileType = sourcecode.swift; path = AuthManager.swift; sourceTree = "<group>"; };
		2BA827012AD4441C00E0F14E /* APICaller.swift */ = {isa = PBXFileReference; lastKnownFileType = sourcecode.swift; path = APICaller.swift; sourceTree = "<group>"; };
		2BA827032AD4442B00E0F14E /* HapticsManager.swift */ = {isa = PBXFileReference; lastKnownFileType = sourcecode.swift; path = HapticsManager.swift; sourceTree = "<group>"; };
		2BA827052AD4448100E0F14E /* Playlist.swift */ = {isa = PBXFileReference; lastKnownFileType = sourcecode.swift; path = Playlist.swift; sourceTree = "<group>"; };
		2BA827072AD4448F00E0F14E /* AudioTrack.swift */ = {isa = PBXFileReference; lastKnownFileType = sourcecode.swift; path = AudioTrack.swift; sourceTree = "<group>"; };
		2BA827092AD4449D00E0F14E /* Artist.swift */ = {isa = PBXFileReference; lastKnownFileType = sourcecode.swift; path = Artist.swift; sourceTree = "<group>"; };
		2BA8270B2AD444A700E0F14E /* UserProfile.swift */ = {isa = PBXFileReference; lastKnownFileType = sourcecode.swift; path = UserProfile.swift; sourceTree = "<group>"; };
/* End PBXFileReference section */

/* Begin PBXFrameworksBuildPhase section */
		2B20351A2AD43D3E006A812B /* Frameworks */ = {
			isa = PBXFrameworksBuildPhase;
			buildActionMask = 2147483647;
			files = (
			);
			runOnlyForDeploymentPostprocessing = 0;
		};
/* End PBXFrameworksBuildPhase section */

/* Begin PBXGroup section */
		2B2035142AD43D3E006A812B = {
			isa = PBXGroup;
			children = (
				2B20351F2AD43D3E006A812B /* Spotify */,
				2B20351E2AD43D3E006A812B /* Products */,
			);
			sourceTree = "<group>";
		};
		2B20351E2AD43D3E006A812B /* Products */ = {
			isa = PBXGroup;
			children = (
				2B20351D2AD43D3E006A812B /* Spotify.app */,
			);
			name = Products;
			sourceTree = "<group>";
		};
		2B20351F2AD43D3E006A812B /* Spotify */ = {
			isa = PBXGroup;
			children = (
				2B2035382AD43E39006A812B /* Resources */,
				2B2035392AD43E4E006A812B /* Managers */,
				2B2035372AD43E2B006A812B /* ViewModels */,
				2B2035352AD43E19006A812B /* Models */,
				2B2035362AD43E21006A812B /* Views */,
				2B2035342AD43E11006A812B /* Controllers */,
				2B20352E2AD43D3F006A812B /* Info.plist */,
			);
			path = Spotify;
			sourceTree = "<group>";
		};
		2B2035342AD43E11006A812B /* Controllers */ = {
			isa = PBXGroup;
			children = (
				2BA826F02AD4433400E0F14E /* Other */,
				2BA826EF2AD442D700E0F14E /* Core */,
			);
			path = Controllers;
			sourceTree = "<group>";
		};
		2B2035352AD43E19006A812B /* Models */ = {
			isa = PBXGroup;
			children = (
				2BA827052AD4448100E0F14E /* Playlist.swift */,
				2BA827072AD4448F00E0F14E /* AudioTrack.swift */,
				2BA827092AD4449D00E0F14E /* Artist.swift */,
				2BA8270B2AD444A700E0F14E /* UserProfile.swift */,
			);
			path = Models;
			sourceTree = "<group>";
		};
		2B2035362AD43E21006A812B /* Views */ = {
			isa = PBXGroup;
			children = (
				2B20352B2AD43D3F006A812B /* LaunchScreen.storyboard */,
			);
			path = Views;
			sourceTree = "<group>";
		};
		2B2035372AD43E2B006A812B /* ViewModels */ = {
			isa = PBXGroup;
			children = (
			);
			path = ViewModels;
			sourceTree = "<group>";
		};
		2B2035382AD43E39006A812B /* Resources */ = {
			isa = PBXGroup;
			children = (
				2B2035292AD43D3F006A812B /* Assets.xcassets */,
				2B2035202AD43D3E006A812B /* AppDelegate.swift */,
				2B2035222AD43D3E006A812B /* SceneDelegate.swift */,
			);
			path = Resources;
			sourceTree = "<group>";
		};
		2B2035392AD43E4E006A812B /* Managers */ = {
			isa = PBXGroup;
			children = (
				2BA826FF2AD4441400E0F14E /* AuthManager.swift */,
				2BA827012AD4441C00E0F14E /* APICaller.swift */,
				2BA827032AD4442B00E0F14E /* HapticsManager.swift */,
			);
			path = Managers;
			sourceTree = "<group>";
		};
		2BA826EF2AD442D700E0F14E /* Core */ = {
			isa = PBXGroup;
			children = (
				2BA826E92AD4423400E0F14E /* TabBarViewController.swift */,
				2B2035242AD43D3E006A812B /* HomeViewController.swift */,
				2BA826EB2AD4429600E0F14E /* SearchViewController.swift */,
				2BA826ED2AD442BD00E0F14E /* LibraryViewController.swift */,
			);
			path = Core;
			sourceTree = "<group>";
		};
		2BA826F02AD4433400E0F14E /* Other */ = {
			isa = PBXGroup;
			children = (
				2BA826F12AD4434800E0F14E /* AuthViewController.swift */,
				2BA826F32AD4435500E0F14E /* WelcomeViewController.swift */,
				2BA826F52AD4436200E0F14E /* SettingsViewController.swift */,
				2BA826F72AD4437000E0F14E /* ProfileViewController.swift */,
				2BA826F92AD4437C00E0F14E /* PlayerViewController.swift */,
				2BA826FB2AD4438700E0F14E /* PlaylistViewController.swift */,
				2BA826FD2AD443AE00E0F14E /* SearchResultsViewController.swift */,
			);
			path = Other;
			sourceTree = "<group>";
		};
/* End PBXGroup section */

/* Begin PBXNativeTarget section */
		2B20351C2AD43D3E006A812B /* Spotify */ = {
			isa = PBXNativeTarget;
			buildConfigurationList = 2B2035312AD43D3F006A812B /* Build configuration list for PBXNativeTarget "Spotify" */;
			buildPhases = (
				2B2035192AD43D3E006A812B /* Sources */,
				2B20351A2AD43D3E006A812B /* Frameworks */,
				2B20351B2AD43D3E006A812B /* Resources */,
			);
			buildRules = (
			);
			dependencies = (
			);
			name = Spotify;
			productName = Spotify;
			productReference = 2B20351D2AD43D3E006A812B /* Spotify.app */;
			productType = "com.apple.product-type.application";
		};
/* End PBXNativeTarget section */

/* Begin PBXProject section */
		2B2035152AD43D3E006A812B /* Project object */ = {
			isa = PBXProject;
			attributes = {
				BuildIndependentTargetsInParallel = 1;
				LastSwiftUpdateCheck = 1430;
				LastUpgradeCheck = 1430;
				TargetAttributes = {
					2B20351C2AD43D3E006A812B = {
						CreatedOnToolsVersion = 14.3.1;
					};
				};
			};
			buildConfigurationList = 2B2035182AD43D3E006A812B /* Build configuration list for PBXProject "Spotify" */;
			compatibilityVersion = "Xcode 14.0";
			developmentRegion = en;
			hasScannedForEncodings = 0;
			knownRegions = (
				en,
				Base,
			);
			mainGroup = 2B2035142AD43D3E006A812B;
			productRefGroup = 2B20351E2AD43D3E006A812B /* Products */;
			projectDirPath = "";
			projectRoot = "";
			targets = (
				2B20351C2AD43D3E006A812B /* Spotify */,
			);
		};
/* End PBXProject section */

/* Begin PBXResourcesBuildPhase section */
		2B20351B2AD43D3E006A812B /* Resources */ = {
			isa = PBXResourcesBuildPhase;
			buildActionMask = 2147483647;
			files = (
				2B20352D2AD43D3F006A812B /* LaunchScreen.storyboard in Resources */,
				2B20352A2AD43D3F006A812B /* Assets.xcassets in Resources */,
			);
			runOnlyForDeploymentPostprocessing = 0;
		};
/* End PBXResourcesBuildPhase section */

/* Begin PBXSourcesBuildPhase section */
		2B2035192AD43D3E006A812B /* Sources */ = {
			isa = PBXSourcesBuildPhase;
			buildActionMask = 2147483647;
			files = (
				2BA826EE2AD442BD00E0F14E /* LibraryViewController.swift in Sources */,
				2BA827062AD4448100E0F14E /* Playlist.swift in Sources */,
				2BA827002AD4441400E0F14E /* AuthManager.swift in Sources */,
				2BA826FE2AD443AE00E0F14E /* SearchResultsViewController.swift in Sources */,
				2BA826F42AD4435500E0F14E /* WelcomeViewController.swift in Sources */,
				2BA826F82AD4437000E0F14E /* ProfileViewController.swift in Sources */,
				2BA826EC2AD4429600E0F14E /* SearchViewController.swift in Sources */,
				2BA827042AD4442B00E0F14E /* HapticsManager.swift in Sources */,
				2BA827082AD4448F00E0F14E /* AudioTrack.swift in Sources */,
				2BA826EA2AD4423400E0F14E /* TabBarViewController.swift in Sources */,
				2BA826F22AD4434800E0F14E /* AuthViewController.swift in Sources */,
				2B2035252AD43D3E006A812B /* HomeViewController.swift in Sources */,
				2BA8270C2AD444A700E0F14E /* UserProfile.swift in Sources */,
				2B2035212AD43D3E006A812B /* AppDelegate.swift in Sources */,
				2BA8270A2AD4449D00E0F14E /* Artist.swift in Sources */,
				2BA826FC2AD4438700E0F14E /* PlaylistViewController.swift in Sources */,
				2B2035232AD43D3E006A812B /* SceneDelegate.swift in Sources */,
				2BA826FA2AD4437C00E0F14E /* PlayerViewController.swift in Sources */,
				2BA827022AD4441C00E0F14E /* APICaller.swift in Sources */,
				2BA826F62AD4436200E0F14E /* SettingsViewController.swift in Sources */,
			);
			runOnlyForDeploymentPostprocessing = 0;
		};
/* End PBXSourcesBuildPhase section */

/* Begin PBXVariantGroup section */
		2B20352B2AD43D3F006A812B /* LaunchScreen.storyboard */ = {
			isa = PBXVariantGroup;
			children = (
				2B20352C2AD43D3F006A812B /* Base */,
			);
			name = LaunchScreen.storyboard;
			sourceTree = "<group>";
		};
/* End PBXVariantGroup section */

/* Begin XCBuildConfiguration section */
		2B20352F2AD43D3F006A812B /* Debug */ = {
			isa = XCBuildConfiguration;
			buildSettings = {
				ALWAYS_SEARCH_USER_PATHS = NO;
				CLANG_ANALYZER_NONNULL = YES;
				CLANG_ANALYZER_NUMBER_OBJECT_CONVERSION = YES_AGGRESSIVE;
				CLANG_CXX_LANGUAGE_STANDARD = "gnu++20";
				CLANG_ENABLE_MODULES = YES;
				CLANG_ENABLE_OBJC_ARC = YES;
				CLANG_ENABLE_OBJC_WEAK = YES;
				CLANG_WARN_BLOCK_CAPTURE_AUTORELEASING = YES;
				CLANG_WARN_BOOL_CONVERSION = YES;
				CLANG_WARN_COMMA = YES;
				CLANG_WARN_CONSTANT_CONVERSION = YES;
				CLANG_WARN_DEPRECATED_OBJC_IMPLEMENTATIONS = YES;
				CLANG_WARN_DIRECT_OBJC_ISA_USAGE = YES_ERROR;
				CLANG_WARN_DOCUMENTATION_COMMENTS = YES;
				CLANG_WARN_EMPTY_BODY = YES;
				CLANG_WARN_ENUM_CONVERSION = YES;
				CLANG_WARN_INFINITE_RECURSION = YES;
				CLANG_WARN_INT_CONVERSION = YES;
				CLANG_WARN_NON_LITERAL_NULL_CONVERSION = YES;
				CLANG_WARN_OBJC_IMPLICIT_RETAIN_SELF = YES;
				CLANG_WARN_OBJC_LITERAL_CONVERSION = YES;
				CLANG_WARN_OBJC_ROOT_CLASS = YES_ERROR;
				CLANG_WARN_QUOTED_INCLUDE_IN_FRAMEWORK_HEADER = YES;
				CLANG_WARN_RANGE_LOOP_ANALYSIS = YES;
				CLANG_WARN_STRICT_PROTOTYPES = YES;
				CLANG_WARN_SUSPICIOUS_MOVE = YES;
				CLANG_WARN_UNGUARDED_AVAILABILITY = YES_AGGRESSIVE;
				CLANG_WARN_UNREACHABLE_CODE = YES;
				CLANG_WARN__DUPLICATE_METHOD_MATCH = YES;
				COPY_PHASE_STRIP = NO;
				DEBUG_INFORMATION_FORMAT = dwarf;
				ENABLE_STRICT_OBJC_MSGSEND = YES;
				ENABLE_TESTABILITY = YES;
				GCC_C_LANGUAGE_STANDARD = gnu11;
				GCC_DYNAMIC_NO_PIC = NO;
				GCC_NO_COMMON_BLOCKS = YES;
				GCC_OPTIMIZATION_LEVEL = 0;
				GCC_PREPROCESSOR_DEFINITIONS = (
					"DEBUG=1",
					"$(inherited)",
				);
				GCC_WARN_64_TO_32_BIT_CONVERSION = YES;
				GCC_WARN_ABOUT_RETURN_TYPE = YES_ERROR;
				GCC_WARN_UNDECLARED_SELECTOR = YES;
				GCC_WARN_UNINITIALIZED_AUTOS = YES_AGGRESSIVE;
				GCC_WARN_UNUSED_FUNCTION = YES;
				GCC_WARN_UNUSED_VARIABLE = YES;
				IPHONEOS_DEPLOYMENT_TARGET = 16.4;
				MTL_ENABLE_DEBUG_INFO = INCLUDE_SOURCE;
				MTL_FAST_MATH = YES;
				ONLY_ACTIVE_ARCH = YES;
				SDKROOT = iphoneos;
				SWIFT_ACTIVE_COMPILATION_CONDITIONS = DEBUG;
				SWIFT_OPTIMIZATION_LEVEL = "-Onone";
			};
			name = Debug;
		};
		2B2035302AD43D3F006A812B /* Release */ = {
			isa = XCBuildConfiguration;
			buildSettings = {
				ALWAYS_SEARCH_USER_PATHS = NO;
				CLANG_ANALYZER_NONNULL = YES;
				CLANG_ANALYZER_NUMBER_OBJECT_CONVERSION = YES_AGGRESSIVE;
				CLANG_CXX_LANGUAGE_STANDARD = "gnu++20";
				CLANG_ENABLE_MODULES = YES;
				CLANG_ENABLE_OBJC_ARC = YES;
				CLANG_ENABLE_OBJC_WEAK = YES;
				CLANG_WARN_BLOCK_CAPTURE_AUTORELEASING = YES;
				CLANG_WARN_BOOL_CONVERSION = YES;
				CLANG_WARN_COMMA = YES;
				CLANG_WARN_CONSTANT_CONVERSION = YES;
				CLANG_WARN_DEPRECATED_OBJC_IMPLEMENTATIONS = YES;
				CLANG_WARN_DIRECT_OBJC_ISA_USAGE = YES_ERROR;
				CLANG_WARN_DOCUMENTATION_COMMENTS = YES;
				CLANG_WARN_EMPTY_BODY = YES;
				CLANG_WARN_ENUM_CONVERSION = YES;
				CLANG_WARN_INFINITE_RECURSION = YES;
				CLANG_WARN_INT_CONVERSION = YES;
				CLANG_WARN_NON_LITERAL_NULL_CONVERSION = YES;
				CLANG_WARN_OBJC_IMPLICIT_RETAIN_SELF = YES;
				CLANG_WARN_OBJC_LITERAL_CONVERSION = YES;
				CLANG_WARN_OBJC_ROOT_CLASS = YES_ERROR;
				CLANG_WARN_QUOTED_INCLUDE_IN_FRAMEWORK_HEADER = YES;
				CLANG_WARN_RANGE_LOOP_ANALYSIS = YES;
				CLANG_WARN_STRICT_PROTOTYPES = YES;
				CLANG_WARN_SUSPICIOUS_MOVE = YES;
				CLANG_WARN_UNGUARDED_AVAILABILITY = YES_AGGRESSIVE;
				CLANG_WARN_UNREACHABLE_CODE = YES;
				CLANG_WARN__DUPLICATE_METHOD_MATCH = YES;
				COPY_PHASE_STRIP = NO;
				DEBUG_INFORMATION_FORMAT = "dwarf-with-dsym";
				ENABLE_NS_ASSERTIONS = NO;
				ENABLE_STRICT_OBJC_MSGSEND = YES;
				GCC_C_LANGUAGE_STANDARD = gnu11;
				GCC_NO_COMMON_BLOCKS = YES;
				GCC_WARN_64_TO_32_BIT_CONVERSION = YES;
				GCC_WARN_ABOUT_RETURN_TYPE = YES_ERROR;
				GCC_WARN_UNDECLARED_SELECTOR = YES;
				GCC_WARN_UNINITIALIZED_AUTOS = YES_AGGRESSIVE;
				GCC_WARN_UNUSED_FUNCTION = YES;
				GCC_WARN_UNUSED_VARIABLE = YES;
				IPHONEOS_DEPLOYMENT_TARGET = 16.4;
				MTL_ENABLE_DEBUG_INFO = NO;
				MTL_FAST_MATH = YES;
				SDKROOT = iphoneos;
				SWIFT_COMPILATION_MODE = wholemodule;
				SWIFT_OPTIMIZATION_LEVEL = "-O";
				VALIDATE_PRODUCT = YES;
			};
			name = Release;
		};
		2B2035322AD43D3F006A812B /* Debug */ = {
			isa = XCBuildConfiguration;
			buildSettings = {
				ASSETCATALOG_COMPILER_APPICON_NAME = AppIcon;
				ASSETCATALOG_COMPILER_GLOBAL_ACCENT_COLOR_NAME = AccentColor;
				CODE_SIGN_STYLE = Automatic;
				CURRENT_PROJECT_VERSION = 1;
				DEVELOPMENT_TEAM = 73VA8W4WNH;
				GENERATE_INFOPLIST_FILE = YES;
				INFOPLIST_FILE = Spotify/Info.plist;
				INFOPLIST_KEY_UIApplicationSupportsIndirectInputEvents = YES;
				INFOPLIST_KEY_UILaunchStoryboardName = LaunchScreen;
				INFOPLIST_KEY_UISupportedInterfaceOrientations_iPad = "UIInterfaceOrientationPortrait UIInterfaceOrientationPortraitUpsideDown UIInterfaceOrientationLandscapeLeft UIInterfaceOrientationLandscapeRight";
				INFOPLIST_KEY_UISupportedInterfaceOrientations_iPhone = "UIInterfaceOrientationPortrait UIInterfaceOrientationLandscapeLeft UIInterfaceOrientationLandscapeRight";
				LD_RUNPATH_SEARCH_PATHS = (
					"$(inherited)",
					"@executable_path/Frameworks",
				);
				MARKETING_VERSION = 1.0;
				PRODUCT_BUNDLE_IDENTIFIER = com.xuebusi.Spotify;
				PRODUCT_NAME = "$(TARGET_NAME)";
				SWIFT_EMIT_LOC_STRINGS = YES;
				SWIFT_VERSION = 5.0;
				TARGETED_DEVICE_FAMILY = "1,2";
			};
			name = Debug;
		};
		2B2035332AD43D3F006A812B /* Release */ = {
			isa = XCBuildConfiguration;
			buildSettings = {
				ASSETCATALOG_COMPILER_APPICON_NAME = AppIcon;
				ASSETCATALOG_COMPILER_GLOBAL_ACCENT_COLOR_NAME = AccentColor;
				CODE_SIGN_STYLE = Automatic;
				CURRENT_PROJECT_VERSION = 1;
				DEVELOPMENT_TEAM = 73VA8W4WNH;
				GENERATE_INFOPLIST_FILE = YES;
				INFOPLIST_FILE = Spotify/Info.plist;
				INFOPLIST_KEY_UIApplicationSupportsIndirectInputEvents = YES;
				INFOPLIST_KEY_UILaunchStoryboardName = LaunchScreen;
				INFOPLIST_KEY_UISupportedInterfaceOrientations_iPad = "UIInterfaceOrientationPortrait UIInterfaceOrientationPortraitUpsideDown UIInterfaceOrientationLandscapeLeft UIInterfaceOrientationLandscapeRight";
				INFOPLIST_KEY_UISupportedInterfaceOrientations_iPhone = "UIInterfaceOrientationPortrait UIInterfaceOrientationLandscapeLeft UIInterfaceOrientationLandscapeRight";
				LD_RUNPATH_SEARCH_PATHS = (
					"$(inherited)",
					"@executable_path/Frameworks",
				);
				MARKETING_VERSION = 1.0;
				PRODUCT_BUNDLE_IDENTIFIER = com.xuebusi.Spotify;
				PRODUCT_NAME = "$(TARGET_NAME)";
				SWIFT_EMIT_LOC_STRINGS = YES;
				SWIFT_VERSION = 5.0;
				TARGETED_DEVICE_FAMILY = "1,2";
			};
			name = Release;
		};
/* End XCBuildConfiguration section */

/* Begin XCConfigurationList section */
		2B2035182AD43D3E006A812B /* Build configuration list for PBXProject "Spotify" */ = {
			isa = XCConfigurationList;
			buildConfigurations = (
				2B20352F2AD43D3F006A812B /* Debug */,
				2B2035302AD43D3F006A812B /* Release */,
			);
			defaultConfigurationIsVisible = 0;
			defaultConfigurationName = Release;
		};
		2B2035312AD43D3F006A812B /* Build configuration list for PBXNativeTarget "Spotify" */ = {
			isa = XCConfigurationList;
			buildConfigurations = (
				2B2035322AD43D3F006A812B /* Debug */,
				2B2035332AD43D3F006A812B /* Release */,
			);
			defaultConfigurationIsVisible = 0;
			defaultConfigurationName = Release;
		};
/* End XCConfigurationList section */
	};
	rootObject = 2B2035152AD43D3E006A812B /* Project object */;
}
